
Microsoft Visual Studio Solution File, Format Version 12.00
# Visual Studio Version 17
VisualStudioVersion = 17.9.34728.123
MinimumVisualStudioVersion = 10.0.40219.1
Project("{9A19103F-16F7-4668-BE54-9A1E7A4F7556}") = "Movie-App.Domain", "Movie-App.Domain\Movie-App.Domain.csproj", "{38323A76-0EBD-408C-87D0-DF9838E7B7D8}"
EndProject
Project("{9A19103F-16F7-4668-BE54-9A1E7A4F7556}") = "Movie-App.Application", "Movie-App.Application\Movie-App.Application.csproj", "{96712385-ED0F-4E51-AF77-1B6105B46AEE}"
EndProject
Project("{9A19103F-16F7-4668-BE54-9A1E7A4F7556}") = "Movie-App.Persistence", "Movie-App.Persistence\Movie-App.Persistence.csproj", "{63189DAB-B22D-44AA-8AD9-7FE686A374B3}"
EndProject
Project("{FAE04EC0-301F-11D3-BF4B-00C04F79EFBC}") = "Movie-App.Infrastructure", "Movie-App.Infrastructure\Movie-App.Infrastructure.csproj", "{1C475881-5A18-485A-AF33-8F644B546729}"
EndProject
Project("{FAE04EC0-301F-11D3-BF4B-00C04F79EFBC}") = "Movie-App-Unit-Tests", "Movie-App-Unit-Tests\Movie-App-Unit-Tests.csproj", "{192455C3-4B9D-4242-93BF-C1E944EA6BD4}"
EndProject
Project("{FAE04EC0-301F-11D3-BF4B-00C04F79EFBC}") = "Movie-App-Console", "Movie-App-Console\Movie-App-Console.csproj", "{A1306984-03B2-4CD8-98C3-24DB228B53DA}"
EndProject
Global
	GlobalSection(SolutionConfigurationPlatforms) = preSolution
		Debug|Any CPU = Debug|Any CPU
		Release|Any CPU = Release|Any CPU
	EndGlobalSection
	GlobalSection(ProjectConfigurationPlatforms) = postSolution
		{38323A76-0EBD-408C-87D0-DF9838E7B7D8}.Debug|Any CPU.ActiveCfg = Debug|Any CPU
		{38323A76-0EBD-408C-87D0-DF9838E7B7D8}.Debug|Any CPU.Build.0 = Debug|Any CPU
		{38323A76-0EBD-408C-87D0-DF9838E7B7D8}.Release|Any CPU.ActiveCfg = Release|Any CPU
		{38323A76-0EBD-408C-87D0-DF9838E7B7D8}.Release|Any CPU.Build.0 = Release|Any CPU
		{96712385-ED0F-4E51-AF77-1B6105B46AEE}.Debug|Any CPU.ActiveCfg = Debug|Any CPU
		{96712385-ED0F-4E51-AF77-1B6105B46AEE}.Debug|Any CPU.Build.0 = Debug|Any CPU
		{96712385-ED0F-4E51-AF77-1B6105B46AEE}.Release|Any CPU.ActiveCfg = Release|Any CPU
		{96712385-ED0F-4E51-AF77-1B6105B46AEE}.Release|Any CPU.Build.0 = Release|Any CPU
		{63189DAB-B22D-44AA-8AD9-7FE686A374B3}.Debug|Any CPU.ActiveCfg = Debug|Any CPU
		{63189DAB-B22D-44AA-8AD9-7FE686A374B3}.Debug|Any CPU.Build.0 = Debug|Any CPU
		{63189DAB-B22D-44AA-8AD9-7FE686A374B3}.Release|Any CPU.ActiveCfg = Release|Any CPU
		{63189DAB-B22D-44AA-8AD9-7FE686A374B3}.Release|Any CPU.Build.0 = Release|Any CPU
		{1C475881-5A18-485A-AF33-8F644B546729}.Debug|Any CPU.ActiveCfg = Debug|Any CPU
		{1C475881-5A18-485A-AF33-8F644B546729}.Debug|Any CPU.Build.0 = Debug|Any CPU
		{1C475881-5A18-485A-AF33-8F644B546729}.Release|Any CPU.ActiveCfg = Release|Any CPU
		{1C475881-5A18-485A-AF33-8F644B546729}.Release|Any CPU.Build.0 = Release|Any CPU
		{192455C3-4B9D-4242-93BF-C1E944EA6BD4}.Debug|Any CPU.ActiveCfg = Debug|Any CPU
		{192455C3-4B9D-4242-93BF-C1E944EA6BD4}.Debug|Any CPU.Build.0 = Debug|Any CPU
		{192455C3-4B9D-4242-93BF-C1E944EA6BD4}.Release|Any CPU.ActiveCfg = Release|Any CPU
		{192455C3-4B9D-4242-93BF-C1E944EA6BD4}.Release|Any CPU.Build.0 = Release|Any CPU
		{A1306984-03B2-4CD8-98C3-24DB228B53DA}.Debug|Any CPU.ActiveCfg = Debug|Any CPU
		{A1306984-03B2-4CD8-98C3-24DB228B53DA}.Debug|Any CPU.Build.0 = Debug|Any CPU
		{A1306984-03B2-4CD8-98C3-24DB228B53DA}.Release|Any CPU.ActiveCfg = Release|Any CPU
		{A1306984-03B2-4CD8-98C3-24DB228B53DA}.Release|Any CPU.Build.0 = Release|Any CPU
	EndGlobalSection
	GlobalSection(SolutionProperties) = preSolution
		HideSolutionNode = FALSE
	EndGlobalSection
	GlobalSection(ExtensibilityGlobals) = postSolution
		SolutionGuid = {C6CFFC02-37A8-4ABF-A52D-87CFDCDFE572}
	EndGlobalSection
EndGlobal
